// !$*UTF8*$!
{
	archiveVersion = 1;
	classes = {
	};
	objectVersion = 48;
	objects = {

/* Begin PBXBuildFile section */
		080C9D391FE36DC70029507F /* AboutUsViewController.swift in Sources */ = {isa = PBXBuildFile; fileRef = 080C9D381FE36DC70029507F /* AboutUsViewController.swift */; };
		081738071FD437FB00F2C4E1 /* dataSelect.swift in Sources */ = {isa = PBXBuildFile; fileRef = 081738061FD437FB00F2C4E1 /* dataSelect.swift */; };
		081738101FD56BEA00F2C4E1 /* MineViewController.swift in Sources */ = {isa = PBXBuildFile; fileRef = 0817380F1FD56BEA00F2C4E1 /* MineViewController.swift */; };
		081738121FD56C1300F2C4E1 /* MineView.swift in Sources */ = {isa = PBXBuildFile; fileRef = 081738111FD56C1300F2C4E1 /* MineView.swift */; };
		08201E661FB2DFD100563887 /* IndexViewController.swift in Sources */ = {isa = PBXBuildFile; fileRef = 08201E651FB2DFD100563887 /* IndexViewController.swift */; };
		08201E701FB2F17200563887 /* IndexView.swift in Sources */ = {isa = PBXBuildFile; fileRef = 08201E6F1FB2F17200563887 /* IndexView.swift */; };
		08201E721FB2F1C100563887 /* Propoty.swift in Sources */ = {isa = PBXBuildFile; fileRef = 08201E711FB2F1C100563887 /* Propoty.swift */; };
		086EA5AA1FB2DE8A00E549F7 /* AppDelegate.swift in Sources */ = {isa = PBXBuildFile; fileRef = 086EA5A91FB2DE8A00E549F7 /* AppDelegate.swift */; };
		086EA5B11FB2DE8A00E549F7 /* Assets.xcassets in Resources */ = {isa = PBXBuildFile; fileRef = 086EA5B01FB2DE8A00E549F7 /* Assets.xcassets */; };
		086EA5B41FB2DE8A00E549F7 /* LaunchScreen.storyboard in Resources */ = {isa = PBXBuildFile; fileRef = 086EA5B21FB2DE8A00E549F7 /* LaunchScreen.storyboard */; };
		086EA5BF1FB2DE8A00E549F7 /* National_ExbihitionTests.swift in Sources */ = {isa = PBXBuildFile; fileRef = 086EA5BE1FB2DE8A00E549F7 /* National_ExbihitionTests.swift */; };
		086EA5CA1FB2DE8B00E549F7 /* National_ExbihitionUITests.swift in Sources */ = {isa = PBXBuildFile; fileRef = 086EA5C91FB2DE8B00E549F7 /* National_ExbihitionUITests.swift */; };
		088CC30A1FECF1B40026D7EE /* PublicFunc.swift in Sources */ = {isa = PBXBuildFile; fileRef = 088CC3091FECF1B40026D7EE /* PublicFunc.swift */; };
		088D9CB81FEF9DE500FBFA42 /* ImageDetailViewController.swift in Sources */ = {isa = PBXBuildFile; fileRef = 088D9CB71FEF9DE500FBFA42 /* ImageDetailViewController.swift */; };
		089263921FEF8D5F002EDD63 /* SliderGallery.swift in Sources */ = {isa = PBXBuildFile; fileRef = 089263911FEF8D5F002EDD63 /* SliderGallery.swift */; };
		0896F4C51FE6507000658306 /* SocietyView.swift in Sources */ = {isa = PBXBuildFile; fileRef = 0896F4C41FE6507000658306 /* SocietyView.swift */; };
		0896F4C71FE65CAC00658306 /* TechnologyView.swift in Sources */ = {isa = PBXBuildFile; fileRef = 0896F4C61FE65CAC00658306 /* TechnologyView.swift */; };
		0896F4C91FE65DE400658306 /* RelationshipView.swift in Sources */ = {isa = PBXBuildFile; fileRef = 0896F4C81FE65DE400658306 /* RelationshipView.swift */; };
		0896F4CB1FE6622700658306 /* OverseasView.swift in Sources */ = {isa = PBXBuildFile; fileRef = 0896F4CA1FE6622700658306 /* OverseasView.swift */; };
		0896F4CD1FE6634B00658306 /* InterNationalData.swift in Sources */ = {isa = PBXBuildFile; fileRef = 0896F4CC1FE6634B00658306 /* InterNationalData.swift */; };
		08A24A901FDFAD90001D590E /* EnvironmentView.swift in Sources */ = {isa = PBXBuildFile; fileRef = 08A24A8F1FDFAD90001D590E /* EnvironmentView.swift */; };
		08A24A921FE0C8B5001D590E /* PoliticView.swift in Sources */ = {isa = PBXBuildFile; fileRef = 08A24A911FE0C8B5001D590E /* PoliticView.swift */; };
		08A24A941FE0CA1A001D590E /* EnvrionmentViewController.swift in Sources */ = {isa = PBXBuildFile; fileRef = 08A24A931FE0CA1A001D590E /* EnvrionmentViewController.swift */; };
		08A24A961FE0CCA1001D590E /* MapViewController.swift in Sources */ = {isa = PBXBuildFile; fileRef = 08A24A951FE0CCA1001D590E /* MapViewController.swift */; };
		08A6D8D51FB419EE00FAC0B0 /* RecommendViewController.swift in Sources */ = {isa = PBXBuildFile; fileRef = 08A6D8D41FB419EE00FAC0B0 /* RecommendViewController.swift */; };
		08A6D8D81FB4466D00FAC0B0 /* BasicInformationViewController.swift in Sources */ = {isa = PBXBuildFile; fileRef = 08A6D8D61FB4466D00FAC0B0 /* BasicInformationViewController.swift */; };
		08A6D8DB1FB4472900FAC0B0 /* BasicView.swift in Sources */ = {isa = PBXBuildFile; fileRef = 08A6D8DA1FB4472900FAC0B0 /* BasicView.swift */; };
		08AE6C291FF397800070985E /* SelecteTypeViewController.swift in Sources */ = {isa = PBXBuildFile; fileRef = 08AE6C281FF397800070985E /* SelecteTypeViewController.swift */; };
		08C79D5E1FB5C0CD00BF7686 /* TabTableViewController.swift in Sources */ = {isa = PBXBuildFile; fileRef = 08C79D5D1FB5C0CD00BF7686 /* TabTableViewController.swift */; };
		08C79D601FB5C11E00BF7686 /* TabTableViewCell.swift in Sources */ = {isa = PBXBuildFile; fileRef = 08C79D5F1FB5C11E00BF7686 /* TabTableViewCell.swift */; };
		08CC477E1FE0FE29000818C0 /* EconomicView.swift in Sources */ = {isa = PBXBuildFile; fileRef = 08CC477D1FE0FE29000818C0 /* EconomicView.swift */; };
		08D068701FDA78FA0059608F /* SwiftyJSON.swift in Sources */ = {isa = PBXBuildFile; fileRef = 08D0686F1FDA78FA0059608F /* SwiftyJSON.swift */; };
		08DA83951FC407B80003259C /* SearchView.swift in Sources */ = {isa = PBXBuildFile; fileRef = 08DA83941FC407B80003259C /* SearchView.swift */; };
		08DA83971FC409970003259C /* searchDatabase.swift in Sources */ = {isa = PBXBuildFile; fileRef = 08DA83961FC409970003259C /* searchDatabase.swift */; };
		08DA83991FC5AB460003259C /* SearchHistoryTableViewCell.swift in Sources */ = {isa = PBXBuildFile; fileRef = 08DA83981FC5AB460003259C /* SearchHistoryTableViewCell.swift */; };
		08DD9B4F1FD68FC1002BC6C4 /* SelectContinentTableViewController.swift in Sources */ = {isa = PBXBuildFile; fileRef = 08DD9B4E1FD68FC1002BC6C4 /* SelectContinentTableViewController.swift */; };
		08E371161FCD6587005FEE4D /* AllCountryViewController.swift in Sources */ = {isa = PBXBuildFile; fileRef = 08E371151FCD6587005FEE4D /* AllCountryViewController.swift */; };
		08F734111FBDA3DE00E0CAE9 /* ChartViewController.swift in Sources */ = {isa = PBXBuildFile; fileRef = 08F734101FBDA3DE00E0CAE9 /* ChartViewController.swift */; };
		08F734191FC01E5300E0CAE9 /* SearchViewController.swift in Sources */ = {isa = PBXBuildFile; fileRef = 08F734181FC01E5300E0CAE9 /* SearchViewController.swift */; };
		08FE0AEF1FCFB0BD005915A4 /* ChartView.swift in Sources */ = {isa = PBXBuildFile; fileRef = 08FE0AEE1FCFB081005915A4 /* ChartView.swift */; };
		08FE0AF21FCFB127005915A4 /* MoreChartViewController.swift in Sources */ = {isa = PBXBuildFile; fileRef = 08FE0AF11FCFB127005915A4 /* MoreChartViewController.swift */; };
		08FE0AF41FCFB13E005915A4 /* MoreChartView.swift in Sources */ = {isa = PBXBuildFile; fileRef = 08FE0AF31FCFB13E005915A4 /* MoreChartView.swift */; };
		2D4147FC20A1C78B00A72E5D /* Tableview+Extension.swift in Sources */ = {isa = PBXBuildFile; fileRef = 2D4147FB20A1C78B00A72E5D /* Tableview+Extension.swift */; };
		2D4147FE20A1C7D100A72E5D /* emptyView.swift in Sources */ = {isa = PBXBuildFile; fileRef = 2D4147FD20A1C7D100A72E5D /* emptyView.swift */; };
		2D41480120A1D70100A72E5D /* FocusModel.swift in Sources */ = {isa = PBXBuildFile; fileRef = 2D41480020A1D70100A72E5D /* FocusModel.swift */; };
		2D41480320A3058700A72E5D /* CollectModel.swift in Sources */ = {isa = PBXBuildFile; fileRef = 2D41480220A3058700A72E5D /* CollectModel.swift */; };
		2D41480520A3257F00A72E5D /* ChartDataBase.swift in Sources */ = {isa = PBXBuildFile; fileRef = 2D41480420A3257F00A72E5D /* ChartDataBase.swift */; };
		2D87BA6F20A804C2009A8E5E /* LiteratureTableViewController.swift in Sources */ = {isa = PBXBuildFile; fileRef = 2D87BA6E20A804C2009A8E5E /* LiteratureTableViewController.swift */; };
		2D87BA7120A806FD009A8E5E /* LiteratureModel.swift in Sources */ = {isa = PBXBuildFile; fileRef = 2D87BA7020A806FD009A8E5E /* LiteratureModel.swift */; };
		2D931AC82089B8AB00898169 /* CommunityTableViewController.swift in Sources */ = {isa = PBXBuildFile; fileRef = 2D931AC72089B8AB00898169 /* CommunityTableViewController.swift */; };
		2D931AD1208B1A2F00898169 /* AlaRequestManager.swift in Sources */ = {isa = PBXBuildFile; fileRef = 2D931AD0208B1A2E00898169 /* AlaRequestManager.swift */; };
		2D931AD3208B275700898169 /* CommunityViewController.swift in Sources */ = {isa = PBXBuildFile; fileRef = 2D931AD2208B275700898169 /* CommunityViewController.swift */; };
		2DA1E8CD2078A57800A6F9B3 /* LoginViewController.swift in Sources */ = {isa = PBXBuildFile; fileRef = 2DA1E8CB2078A57800A6F9B3 /* LoginViewController.swift */; };
		2DA1E8CE2078A57800A6F9B3 /* LoginViewController.xib in Resources */ = {isa = PBXBuildFile; fileRef = 2DA1E8CC2078A57800A6F9B3 /* LoginViewController.xib */; };
		2DA1E8D42079202200A6F9B3 /* QuestionDetailViewController.swift in Sources */ = {isa = PBXBuildFile; fileRef = 2DA1E8D32079202200A6F9B3 /* QuestionDetailViewController.swift */; };
		2DA1E8D62079205900A6F9B3 /* QuestionView.swift in Sources */ = {isa = PBXBuildFile; fileRef = 2DA1E8D52079205900A6F9B3 /* QuestionView.swift */; };
		2DA1E8D82079206E00A6F9B3 /* QuestionView.xib in Resources */ = {isa = PBXBuildFile; fileRef = 2DA1E8D72079206E00A6F9B3 /* QuestionView.xib */; };
		2DBBA17C20A18EFF005640F2 /* CollectionTableViewController.swift in Sources */ = {isa = PBXBuildFile; fileRef = 2DBBA17B20A18EFF005640F2 /* CollectionTableViewController.swift */; };
		2DBBA17E20A18F12005640F2 /* FocusTableViewController.swift in Sources */ = {isa = PBXBuildFile; fileRef = 2DBBA17D20A18F12005640F2 /* FocusTableViewController.swift */; };
		2DBBA18020A18F24005640F2 /* FansTableViewController.swift in Sources */ = {isa = PBXBuildFile; fileRef = 2DBBA17F20A18F24005640F2 /* FansTableViewController.swift */; };
		2DBBA18220A18FE3005640F2 /* FansModel.swift in Sources */ = {isa = PBXBuildFile; fileRef = 2DBBA18120A18FE3005640F2 /* FansModel.swift */; };
		2DBBA18520A19052005640F2 /* FansTableViewCell.swift in Sources */ = {isa = PBXBuildFile; fileRef = 2DBBA18320A19052005640F2 /* FansTableViewCell.swift */; };
		2DE81728209DA65000EF21C4 /* button_Extension.swift in Sources */ = {isa = PBXBuildFile; fileRef = 2DE81727209DA65000EF21C4 /* button_Extension.swift */; };
		2DE8172A209EE37C00EF21C4 /* AskViewController.swift in Sources */ = {isa = PBXBuildFile; fileRef = 2DE81729209EE37C00EF21C4 /* AskViewController.swift */; };
		2DE8172C209EE44C00EF21C4 /* askView.swift in Sources */ = {isa = PBXBuildFile; fileRef = 2DE8172B209EE44C00EF21C4 /* askView.swift */; };
		2DE8172E209EE45900EF21C4 /* askView.xib in Resources */ = {isa = PBXBuildFile; fileRef = 2DE8172D209EE45900EF21C4 /* askView.xib */; };
		2DE8173020A16BFB00EF21C4 /* LoginUIExtension.swift in Sources */ = {isa = PBXBuildFile; fileRef = 2DE8172F20A16BFB00EF21C4 /* LoginUIExtension.swift */; };
		2DE8173220A17DF000EF21C4 /* MyTabViewViewController.swift in Sources */ = {isa = PBXBuildFile; fileRef = 2DE8173120A17DF000EF21C4 /* MyTabViewViewController.swift */; };
		3FEC729F704F9A07CC3B557A /* Pods_National_Exbihition.framework in Frameworks */ = {isa = PBXBuildFile; fileRef = 2C9F8079231DA848C6372A5D /* Pods_National_Exbihition.framework */; };
/* End PBXBuildFile section */

/* Begin PBXContainerItemProxy section */
		086EA5BB1FB2DE8A00E549F7 /* PBXContainerItemProxy */ = {
			isa = PBXContainerItemProxy;
			containerPortal = 086EA59E1FB2DE8A00E549F7 /* Project object */;
			proxyType = 1;
			remoteGlobalIDString = 086EA5A51FB2DE8A00E549F7;
			remoteInfo = National_Exbihition;
		};
		086EA5C61FB2DE8B00E549F7 /* PBXContainerItemProxy */ = {
			isa = PBXContainerItemProxy;
			containerPortal = 086EA59E1FB2DE8A00E549F7 /* Project object */;
			proxyType = 1;
			remoteGlobalIDString = 086EA5A51FB2DE8A00E549F7;
			remoteInfo = National_Exbihition;
		};
/* End PBXContainerItemProxy section */

/* Begin PBXFileReference section */
		080C9D381FE36DC70029507F /* AboutUsViewController.swift */ = {isa = PBXFileReference; lastKnownFileType = sourcecode.swift; path = AboutUsViewController.swift; sourceTree = "<group>"; };
		081738061FD437FB00F2C4E1 /* dataSelect.swift */ = {isa = PBXFileReference; lastKnownFileType = sourcecode.swift; path = dataSelect.swift; sourceTree = "<group>"; };
		0817380F1FD56BEA00F2C4E1 /* MineViewController.swift */ = {isa = PBXFileReference; lastKnownFileType = sourcecode.swift; path = MineViewController.swift; sourceTree = "<group>"; };
		081738111FD56C1300F2C4E1 /* MineView.swift */ = {isa = PBXFileReference; lastKnownFileType = sourcecode.swift; path = MineView.swift; sourceTree = "<group>"; };
		08201E651FB2DFD100563887 /* IndexViewController.swift */ = {isa = PBXFileReference; lastKnownFileType = sourcecode.swift; path = IndexViewController.swift; sourceTree = "<group>"; };
		08201E6F1FB2F17200563887 /* IndexView.swift */ = {isa = PBXFileReference; lastKnownFileType = sourcecode.swift; name = IndexView.swift; path = National_Exbihition/Index/View/IndexView.swift; sourceTree = SOURCE_ROOT; };
		08201E711FB2F1C100563887 /* Propoty.swift */ = {isa = PBXFileReference; lastKnownFileType = sourcecode.swift; path = Propoty.swift; sourceTree = "<group>"; };
		086EA5A61FB2DE8A00E549F7 /* National_Exbihition.app */ = {isa = PBXFileReference; explicitFileType = wrapper.application; includeInIndex = 0; path = National_Exbihition.app; sourceTree = BUILT_PRODUCTS_DIR; };
		086EA5A91FB2DE8A00E549F7 /* AppDelegate.swift */ = {isa = PBXFileReference; lastKnownFileType = sourcecode.swift; path = AppDelegate.swift; sourceTree = "<group>"; };
		086EA5B01FB2DE8A00E549F7 /* Assets.xcassets */ = {isa = PBXFileReference; lastKnownFileType = folder.assetcatalog; path = Assets.xcassets; sourceTree = "<group>"; };
		086EA5B31FB2DE8A00E549F7 /* Base */ = {isa = PBXFileReference; lastKnownFileType = file.storyboard; name = Base; path = Base.lproj/LaunchScreen.storyboard; sourceTree = "<group>"; };
		086EA5B51FB2DE8A00E549F7 /* Info.plist */ = {isa = PBXFileReference; lastKnownFileType = text.plist.xml; path = Info.plist; sourceTree = "<group>"; };
		086EA5BA1FB2DE8A00E549F7 /* National_ExbihitionTests.xctest */ = {isa = PBXFileReference; explicitFileType = wrapper.cfbundle; includeInIndex = 0; path = National_ExbihitionTests.xctest; sourceTree = BUILT_PRODUCTS_DIR; };
		086EA5BE1FB2DE8A00E549F7 /* National_ExbihitionTests.swift */ = {isa = PBXFileReference; lastKnownFileType = sourcecode.swift; path = National_ExbihitionTests.swift; sourceTree = "<group>"; };
		086EA5C01FB2DE8B00E549F7 /* Info.plist */ = {isa = PBXFileReference; lastKnownFileType = text.plist.xml; path = Info.plist; sourceTree = "<group>"; };
		086EA5C51FB2DE8B00E549F7 /* National_ExbihitionUITests.xctest */ = {isa = PBXFileReference; explicitFileType = wrapper.cfbundle; includeInIndex = 0; path = National_ExbihitionUITests.xctest; sourceTree = BUILT_PRODUCTS_DIR; };
		086EA5C91FB2DE8B00E549F7 /* National_ExbihitionUITests.swift */ = {isa = PBXFileReference; lastKnownFileType = sourcecode.swift; path = National_ExbihitionUITests.swift; sourceTree = "<group>"; };
		086EA5CB1FB2DE8B00E549F7 /* Info.plist */ = {isa = PBXFileReference; lastKnownFileType = text.plist.xml; path = Info.plist; sourceTree = "<group>"; };
		088CC3091FECF1B40026D7EE /* PublicFunc.swift */ = {isa = PBXFileReference; lastKnownFileType = sourcecode.swift; path = PublicFunc.swift; sourceTree = "<group>"; };
		088D9CB71FEF9DE500FBFA42 /* ImageDetailViewController.swift */ = {isa = PBXFileReference; lastKnownFileType = sourcecode.swift; path = ImageDetailViewController.swift; sourceTree = "<group>"; };
		089263911FEF8D5F002EDD63 /* SliderGallery.swift */ = {isa = PBXFileReference; lastKnownFileType = sourcecode.swift; path = SliderGallery.swift; sourceTree = "<group>"; };
		0896F4C41FE6507000658306 /* SocietyView.swift */ = {isa = PBXFileReference; lastKnownFileType = sourcecode.swift; path = SocietyView.swift; sourceTree = "<group>"; };
		0896F4C61FE65CAC00658306 /* TechnologyView.swift */ = {isa = PBXFileReference; lastKnownFileType = sourcecode.swift; path = TechnologyView.swift; sourceTree = "<group>"; };
		0896F4C81FE65DE400658306 /* RelationshipView.swift */ = {isa = PBXFileReference; lastKnownFileType = sourcecode.swift; path = RelationshipView.swift; sourceTree = "<group>"; };
		0896F4CA1FE6622700658306 /* OverseasView.swift */ = {isa = PBXFileReference; lastKnownFileType = sourcecode.swift; path = OverseasView.swift; sourceTree = "<group>"; };
		0896F4CC1FE6634B00658306 /* InterNationalData.swift */ = {isa = PBXFileReference; lastKnownFileType = sourcecode.swift; path = InterNationalData.swift; sourceTree = "<group>"; };
		08A24A8F1FDFAD90001D590E /* EnvironmentView.swift */ = {isa = PBXFileReference; lastKnownFileType = sourcecode.swift; path = EnvironmentView.swift; sourceTree = "<group>"; };
		08A24A911FE0C8B5001D590E /* PoliticView.swift */ = {isa = PBXFileReference; lastKnownFileType = sourcecode.swift; path = PoliticView.swift; sourceTree = "<group>"; };
		08A24A931FE0CA1A001D590E /* EnvrionmentViewController.swift */ = {isa = PBXFileReference; lastKnownFileType = sourcecode.swift; path = EnvrionmentViewController.swift; sourceTree = "<group>"; };
		08A24A951FE0CCA1001D590E /* MapViewController.swift */ = {isa = PBXFileReference; lastKnownFileType = sourcecode.swift; path = MapViewController.swift; sourceTree = "<group>"; };
		08A6D8D41FB419EE00FAC0B0 /* RecommendViewController.swift */ = {isa = PBXFileReference; lastKnownFileType = sourcecode.swift; path = RecommendViewController.swift; sourceTree = "<group>"; };
		08A6D8D61FB4466D00FAC0B0 /* BasicInformationViewController.swift */ = {isa = PBXFileReference; lastKnownFileType = sourcecode.swift; path = BasicInformationViewController.swift; sourceTree = "<group>"; };
		08A6D8DA1FB4472900FAC0B0 /* BasicView.swift */ = {isa = PBXFileReference; lastKnownFileType = sourcecode.swift; path = BasicView.swift; sourceTree = "<group>"; };
		08AE6C281FF397800070985E /* SelecteTypeViewController.swift */ = {isa = PBXFileReference; lastKnownFileType = sourcecode.swift; path = SelecteTypeViewController.swift; sourceTree = "<group>"; };
		08C79D5D1FB5C0CD00BF7686 /* TabTableViewController.swift */ = {isa = PBXFileReference; lastKnownFileType = sourcecode.swift; path = TabTableViewController.swift; sourceTree = "<group>"; };
		08C79D5F1FB5C11E00BF7686 /* TabTableViewCell.swift */ = {isa = PBXFileReference; lastKnownFileType = sourcecode.swift; path = TabTableViewCell.swift; sourceTree = "<group>"; };
		08C79D631FBB116500BF7686 /* National_Exbihition-Bridging-Header.h */ = {isa = PBXFileReference; lastKnownFileType = sourcecode.c.h; path = "National_Exbihition-Bridging-Header.h"; sourceTree = "<group>"; };
		08CC477D1FE0FE29000818C0 /* EconomicView.swift */ = {isa = PBXFileReference; lastKnownFileType = sourcecode.swift; path = EconomicView.swift; sourceTree = "<group>"; };
		08D0686F1FDA78FA0059608F /* SwiftyJSON.swift */ = {isa = PBXFileReference; lastKnownFileType = sourcecode.swift; path = SwiftyJSON.swift; sourceTree = "<group>"; };
		08DA83941FC407B80003259C /* SearchView.swift */ = {isa = PBXFileReference; lastKnownFileType = sourcecode.swift; path = SearchView.swift; sourceTree = "<group>"; };
		08DA83961FC409970003259C /* searchDatabase.swift */ = {isa = PBXFileReference; lastKnownFileType = sourcecode.swift; path = searchDatabase.swift; sourceTree = "<group>"; };
		08DA83981FC5AB460003259C /* SearchHistoryTableViewCell.swift */ = {isa = PBXFileReference; lastKnownFileType = sourcecode.swift; path = SearchHistoryTableViewCell.swift; sourceTree = "<group>"; };
		08DD9B4E1FD68FC1002BC6C4 /* SelectContinentTableViewController.swift */ = {isa = PBXFileReference; lastKnownFileType = sourcecode.swift; path = SelectContinentTableViewController.swift; sourceTree = "<group>"; };
		08E371151FCD6587005FEE4D /* AllCountryViewController.swift */ = {isa = PBXFileReference; lastKnownFileType = sourcecode.swift; path = AllCountryViewController.swift; sourceTree = "<group>"; };
		08F734101FBDA3DE00E0CAE9 /* ChartViewController.swift */ = {isa = PBXFileReference; lastKnownFileType = sourcecode.swift; path = ChartViewController.swift; sourceTree = "<group>"; };
		08F734181FC01E5300E0CAE9 /* SearchViewController.swift */ = {isa = PBXFileReference; lastKnownFileType = sourcecode.swift; path = SearchViewController.swift; sourceTree = "<group>"; };
		08FE0AEE1FCFB081005915A4 /* ChartView.swift */ = {isa = PBXFileReference; lastKnownFileType = sourcecode.swift; path = ChartView.swift; sourceTree = "<group>"; };
		08FE0AF11FCFB127005915A4 /* MoreChartViewController.swift */ = {isa = PBXFileReference; lastKnownFileType = sourcecode.swift; path = MoreChartViewController.swift; sourceTree = "<group>"; };
		08FE0AF31FCFB13E005915A4 /* MoreChartView.swift */ = {isa = PBXFileReference; lastKnownFileType = sourcecode.swift; path = MoreChartView.swift; sourceTree = "<group>"; };
		2C9F8079231DA848C6372A5D /* Pods_National_Exbihition.framework */ = {isa = PBXFileReference; explicitFileType = wrapper.framework; includeInIndex = 0; path = Pods_National_Exbihition.framework; sourceTree = BUILT_PRODUCTS_DIR; };
		2D4147FB20A1C78B00A72E5D /* Tableview+Extension.swift */ = {isa = PBXFileReference; lastKnownFileType = sourcecode.swift; path = "Tableview+Extension.swift"; sourceTree = "<group>"; };
		2D4147FD20A1C7D100A72E5D /* emptyView.swift */ = {isa = PBXFileReference; lastKnownFileType = sourcecode.swift; path = emptyView.swift; sourceTree = "<group>"; };
		2D41480020A1D70100A72E5D /* FocusModel.swift */ = {isa = PBXFileReference; lastKnownFileType = sourcecode.swift; name = FocusModel.swift; path = National_Exbihition/MIne/FocusModel.swift; sourceTree = SOURCE_ROOT; };
		2D41480220A3058700A72E5D /* CollectModel.swift */ = {isa = PBXFileReference; lastKnownFileType = sourcecode.swift; name = CollectModel.swift; path = National_Exbihition/MIne/CollectModel.swift; sourceTree = SOURCE_ROOT; };
		2D41480420A3257F00A72E5D /* ChartDataBase.swift */ = {isa = PBXFileReference; lastKnownFileType = sourcecode.swift; path = ChartDataBase.swift; sourceTree = "<group>"; };
		2D87BA6E20A804C2009A8E5E /* LiteratureTableViewController.swift */ = {isa = PBXFileReference; lastKnownFileType = sourcecode.swift; path = LiteratureTableViewController.swift; sourceTree = "<group>"; };
		2D87BA7020A806FD009A8E5E /* LiteratureModel.swift */ = {isa = PBXFileReference; lastKnownFileType = sourcecode.swift; path = LiteratureModel.swift; sourceTree = "<group>"; };
		2D931AC72089B8AB00898169 /* CommunityTableViewController.swift */ = {isa = PBXFileReference; lastKnownFileType = sourcecode.swift; path = CommunityTableViewController.swift; sourceTree = "<group>"; };
		2D931AD0208B1A2E00898169 /* AlaRequestManager.swift */ = {isa = PBXFileReference; fileEncoding = 4; lastKnownFileType = sourcecode.swift; path = AlaRequestManager.swift; sourceTree = "<group>"; };
		2D931AD2208B275700898169 /* CommunityViewController.swift */ = {isa = PBXFileReference; lastKnownFileType = sourcecode.swift; path = CommunityViewController.swift; sourceTree = "<group>"; };
		2DA1E8CB2078A57800A6F9B3 /* LoginViewController.swift */ = {isa = PBXFileReference; lastKnownFileType = sourcecode.swift; path = LoginViewController.swift; sourceTree = "<group>"; };
		2DA1E8CC2078A57800A6F9B3 /* LoginViewController.xib */ = {isa = PBXFileReference; lastKnownFileType = file.xib; path = LoginViewController.xib; sourceTree = "<group>"; };
		2DA1E8D32079202200A6F9B3 /* QuestionDetailViewController.swift */ = {isa = PBXFileReference; lastKnownFileType = sourcecode.swift; path = QuestionDetailViewController.swift; sourceTree = "<group>"; };
		2DA1E8D52079205900A6F9B3 /* QuestionView.swift */ = {isa = PBXFileReference; lastKnownFileType = sourcecode.swift; path = QuestionView.swift; sourceTree = "<group>"; };
		2DA1E8D72079206E00A6F9B3 /* QuestionView.xib */ = {isa = PBXFileReference; lastKnownFileType = file.xib; path = QuestionView.xib; sourceTree = "<group>"; };
		2DBBA17B20A18EFF005640F2 /* CollectionTableViewController.swift */ = {isa = PBXFileReference; lastKnownFileType = sourcecode.swift; path = CollectionTableViewController.swift; sourceTree = "<group>"; };
		2DBBA17D20A18F12005640F2 /* FocusTableViewController.swift */ = {isa = PBXFileReference; lastKnownFileType = sourcecode.swift; path = FocusTableViewController.swift; sourceTree = "<group>"; };
		2DBBA17F20A18F24005640F2 /* FansTableViewController.swift */ = {isa = PBXFileReference; lastKnownFileType = sourcecode.swift; path = FansTableViewController.swift; sourceTree = "<group>"; };
		2DBBA18120A18FE3005640F2 /* FansModel.swift */ = {isa = PBXFileReference; lastKnownFileType = sourcecode.swift; name = FansModel.swift; path = National_Exbihition/MIne/Controller/FansModel.swift; sourceTree = SOURCE_ROOT; };
		2DBBA18320A19052005640F2 /* FansTableViewCell.swift */ = {isa = PBXFileReference; lastKnownFileType = sourcecode.swift; path = FansTableViewCell.swift; sourceTree = "<group>"; };
		2DE81727209DA65000EF21C4 /* button_Extension.swift */ = {isa = PBXFileReference; lastKnownFileType = sourcecode.swift; path = button_Extension.swift; sourceTree = "<group>"; };
		2DE81729209EE37C00EF21C4 /* AskViewController.swift */ = {isa = PBXFileReference; lastKnownFileType = sourcecode.swift; path = AskViewController.swift; sourceTree = "<group>"; };
		2DE8172B209EE44C00EF21C4 /* askView.swift */ = {isa = PBXFileReference; lastKnownFileType = sourcecode.swift; path = askView.swift; sourceTree = "<group>"; };
		2DE8172D209EE45900EF21C4 /* askView.xib */ = {isa = PBXFileReference; lastKnownFileType = file.xib; path = askView.xib; sourceTree = "<group>"; };
		2DE8172F20A16BFB00EF21C4 /* LoginUIExtension.swift */ = {isa = PBXFileReference; lastKnownFileType = sourcecode.swift; path = LoginUIExtension.swift; sourceTree = "<group>"; };
		2DE8173120A17DF000EF21C4 /* MyTabViewViewController.swift */ = {isa = PBXFileReference; lastKnownFileType = sourcecode.swift; path = MyTabViewViewController.swift; sourceTree = "<group>"; };
		7A2DE5A9B7CF51A3E07F2620 /* Pods-National_Exbihition.release.xcconfig */ = {isa = PBXFileReference; includeInIndex = 1; lastKnownFileType = text.xcconfig; name = "Pods-National_Exbihition.release.xcconfig"; path = "Pods/Target Support Files/Pods-National_Exbihition/Pods-National_Exbihition.release.xcconfig"; sourceTree = "<group>"; };
		9485ADD92EAA0169F16F4D1E /* Pods-National_Exbihition.debug.xcconfig */ = {isa = PBXFileReference; includeInIndex = 1; lastKnownFileType = text.xcconfig; name = "Pods-National_Exbihition.debug.xcconfig"; path = "Pods/Target Support Files/Pods-National_Exbihition/Pods-National_Exbihition.debug.xcconfig"; sourceTree = "<group>"; };
/* End PBXFileReference section */

/* Begin PBXFrameworksBuildPhase section */
		086EA5A31FB2DE8A00E549F7 /* Frameworks */ = {
			isa = PBXFrameworksBuildPhase;
			buildActionMask = 2147483647;
			files = (
				3FEC729F704F9A07CC3B557A /* Pods_National_Exbihition.framework in Frameworks */,
			);
			runOnlyForDeploymentPostprocessing = 0;
		};
		086EA5B71FB2DE8A00E549F7 /* Frameworks */ = {
			isa = PBXFrameworksBuildPhase;
			buildActionMask = 2147483647;
			files = (
			);
			runOnlyForDeploymentPostprocessing = 0;
		};
		086EA5C21FB2DE8B00E549F7 /* Frameworks */ = {
			isa = PBXFrameworksBuildPhase;
			buildActionMask = 2147483647;
			files = (
			);
			runOnlyForDeploymentPostprocessing = 0;
		};
/* End PBXFrameworksBuildPhase section */

/* Begin PBXGroup section */
		081738081FD56B8900F2C4E1 /* MIne */ = {
			isa = PBXGroup;
			children = (
				0817380C1FD56BA800F2C4E1 /* Controller */,
				0817380B1FD56BA000F2C4E1 /* Model */,
				081738091FD56B9200F2C4E1 /* View */,
			);
			path = MIne;
			sourceTree = "<group>";
		};
		081738091FD56B9200F2C4E1 /* View */ = {
			isa = PBXGroup;
			children = (
				081738111FD56C1300F2C4E1 /* MineView.swift */,
				2DBBA18320A19052005640F2 /* FansTableViewCell.swift */,
			);
			path = View;
			sourceTree = "<group>";
		};
		0817380B1FD56BA000F2C4E1 /* Model */ = {
			isa = PBXGroup;
			children = (
				2DBBA18120A18FE3005640F2 /* FansModel.swift */,
				2D41480020A1D70100A72E5D /* FocusModel.swift */,
				2D41480220A3058700A72E5D /* CollectModel.swift */,
			);
			path = Model;
			sourceTree = "<group>";
		};
		0817380C1FD56BA800F2C4E1 /* Controller */ = {
			isa = PBXGroup;
			children = (
				0817380F1FD56BEA00F2C4E1 /* MineViewController.swift */,
				080C9D381FE36DC70029507F /* AboutUsViewController.swift */,
				2DBBA17B20A18EFF005640F2 /* CollectionTableViewController.swift */,
				2DBBA17D20A18F12005640F2 /* FocusTableViewController.swift */,
				2DBBA17F20A18F24005640F2 /* FansTableViewController.swift */,
			);
			path = Controller;
			sourceTree = "<group>";
		};
		08201E641FB2DFB800563887 /* Index */ = {
			isa = PBXGroup;
			children = (
				08201E691FB2E29A00563887 /* Controller */,
				08201E681FB2E28700563887 /* Model */,
				08201E671FB2E27A00563887 /* View */,
			);
			path = Index;
			sourceTree = "<group>";
		};
		08201E671FB2E27A00563887 /* View */ = {
			isa = PBXGroup;
			children = (
				08201E6F1FB2F17200563887 /* IndexView.swift */,
				08C79D5F1FB5C11E00BF7686 /* TabTableViewCell.swift */,
			);
			path = View;
			sourceTree = "<group>";
		};
		08201E681FB2E28700563887 /* Model */ = {
			isa = PBXGroup;
			children = (
				08D0686F1FDA78FA0059608F /* SwiftyJSON.swift */,
				08201E711FB2F1C100563887 /* Propoty.swift */,
			);
			path = Model;
			sourceTree = "<group>";
		};
		08201E691FB2E29A00563887 /* Controller */ = {
			isa = PBXGroup;
			children = (
				085D8F4E1FE649DA006F704E /* tableviewRefresh */,
				08201E651FB2DFD100563887 /* IndexViewController.swift */,
				08A6D8D41FB419EE00FAC0B0 /* RecommendViewController.swift */,
				08C79D5D1FB5C0CD00BF7686 /* TabTableViewController.swift */,
				08E371151FCD6587005FEE4D /* AllCountryViewController.swift */,
				08DD9B4E1FD68FC1002BC6C4 /* SelectContinentTableViewController.swift */,
			);
			path = Controller;
			sourceTree = "<group>";
		};
		085D8F4E1FE649DA006F704E /* tableviewRefresh */ = {
			isa = PBXGroup;
			children = (
			);
			path = tableviewRefresh;
			sourceTree = "<group>";
		};
		086EA59D1FB2DE8A00E549F7 = {
			isa = PBXGroup;
			children = (
				086EA5A81FB2DE8A00E549F7 /* National_Exbihition */,
				086EA5BD1FB2DE8A00E549F7 /* National_ExbihitionTests */,
				086EA5C81FB2DE8B00E549F7 /* National_ExbihitionUITests */,
				086EA5A71FB2DE8A00E549F7 /* Products */,
				C4006E59E4FDB7535BDD8B29 /* Pods */,
				EF2BFBCC6D8A43D05901FB40 /* Frameworks */,
			);
			sourceTree = "<group>";
		};
		086EA5A71FB2DE8A00E549F7 /* Products */ = {
			isa = PBXGroup;
			children = (
				086EA5A61FB2DE8A00E549F7 /* National_Exbihition.app */,
				086EA5BA1FB2DE8A00E549F7 /* National_ExbihitionTests.xctest */,
				086EA5C51FB2DE8B00E549F7 /* National_ExbihitionUITests.xctest */,
			);
			name = Products;
			sourceTree = "<group>";
		};
		086EA5A81FB2DE8A00E549F7 /* National_Exbihition */ = {
			isa = PBXGroup;
			children = (
				2D4147FA20A1C76D00A72E5D /* Other */,
				2DA1E8CF20791F7500A6F9B3 /* Community */,
				2DA1E8CA2078A54300A6F9B3 /* Login */,
				081738081FD56B8900F2C4E1 /* MIne */,
				08FE0AEA1FCFAFC7005915A4 /* LiteratureData */,
				08F734141FC01DFA00E0CAE9 /* Search */,
				08C79D591FB5BBED00BF7686 /* CountryDetail */,
				08201E641FB2DFB800563887 /* Index */,
				086EA5A91FB2DE8A00E549F7 /* AppDelegate.swift */,
				2DE8173120A17DF000EF21C4 /* MyTabViewViewController.swift */,
				086EA5B01FB2DE8A00E549F7 /* Assets.xcassets */,
				086EA5B21FB2DE8A00E549F7 /* LaunchScreen.storyboard */,
				086EA5B51FB2DE8A00E549F7 /* Info.plist */,
				08C79D631FBB116500BF7686 /* National_Exbihition-Bridging-Header.h */,
			);
			path = National_Exbihition;
			sourceTree = "<group>";
		};
		086EA5BD1FB2DE8A00E549F7 /* National_ExbihitionTests */ = {
			isa = PBXGroup;
			children = (
				086EA5BE1FB2DE8A00E549F7 /* National_ExbihitionTests.swift */,
				086EA5C01FB2DE8B00E549F7 /* Info.plist */,
			);
			path = National_ExbihitionTests;
			sourceTree = "<group>";
		};
		086EA5C81FB2DE8B00E549F7 /* National_ExbihitionUITests */ = {
			isa = PBXGroup;
			children = (
				086EA5C91FB2DE8B00E549F7 /* National_ExbihitionUITests.swift */,
				086EA5CB1FB2DE8B00E549F7 /* Info.plist */,
			);
			path = National_ExbihitionUITests;
			sourceTree = "<group>";
		};
		088EA63D1FEF7D5200EDEC22 /* CarouseView */ = {
			isa = PBXGroup;
			children = (
				089263911FEF8D5F002EDD63 /* SliderGallery.swift */,
			);
			path = CarouseView;
			sourceTree = "<group>";
		};
		08C79D591FB5BBED00BF7686 /* CountryDetail */ = {
			isa = PBXGroup;
			children = (
				08C79D5C1FB5BC2000BF7686 /* Controller */,
				08C79D5B1FB5BC1A00BF7686 /* Model */,
				08C79D5A1FB5BC1400BF7686 /* View */,
			);
			path = CountryDetail;
			sourceTree = "<group>";
		};
		08C79D5A1FB5BC1400BF7686 /* View */ = {
			isa = PBXGroup;
			children = (
				088EA63D1FEF7D5200EDEC22 /* CarouseView */,
				08A6D8DA1FB4472900FAC0B0 /* BasicView.swift */,
				08A24A8F1FDFAD90001D590E /* EnvironmentView.swift */,
				08A24A911FE0C8B5001D590E /* PoliticView.swift */,
				08CC477D1FE0FE29000818C0 /* EconomicView.swift */,
				0896F4C41FE6507000658306 /* SocietyView.swift */,
				0896F4C61FE65CAC00658306 /* TechnologyView.swift */,
				0896F4C81FE65DE400658306 /* RelationshipView.swift */,
				0896F4CA1FE6622700658306 /* OverseasView.swift */,
				0896F4CC1FE6634B00658306 /* InterNationalData.swift */,
			);
			path = View;
			sourceTree = "<group>";
		};
		08C79D5B1FB5BC1A00BF7686 /* Model */ = {
			isa = PBXGroup;
			children = (
				088CC3091FECF1B40026D7EE /* PublicFunc.swift */,
			);
			path = Model;
			sourceTree = "<group>";
		};
		08C79D5C1FB5BC2000BF7686 /* Controller */ = {
			isa = PBXGroup;
			children = (
				08A6D8D61FB4466D00FAC0B0 /* BasicInformationViewController.swift */,
				08A24A931FE0CA1A001D590E /* EnvrionmentViewController.swift */,
				08A24A951FE0CCA1001D590E /* MapViewController.swift */,
				088D9CB71FEF9DE500FBFA42 /* ImageDetailViewController.swift */,
			);
			path = Controller;
			sourceTree = "<group>";
		};
		08F734141FC01DFA00E0CAE9 /* Search */ = {
			isa = PBXGroup;
			children = (
				08F734171FC01E2800E0CAE9 /* Controller */,
				08F734161FC01E1F00E0CAE9 /* View */,
				08F734151FC01E1500E0CAE9 /* Model */,
			);
			path = Search;
			sourceTree = "<group>";
		};
		08F734151FC01E1500E0CAE9 /* Model */ = {
			isa = PBXGroup;
			children = (
				08DA83961FC409970003259C /* searchDatabase.swift */,
			);
			path = Model;
			sourceTree = "<group>";
		};
		08F734161FC01E1F00E0CAE9 /* View */ = {
			isa = PBXGroup;
			children = (
				08DA83941FC407B80003259C /* SearchView.swift */,
				08DA83981FC5AB460003259C /* SearchHistoryTableViewCell.swift */,
			);
			path = View;
			sourceTree = "<group>";
		};
		08F734171FC01E2800E0CAE9 /* Controller */ = {
			isa = PBXGroup;
			children = (
				08F734181FC01E5300E0CAE9 /* SearchViewController.swift */,
				08AE6C281FF397800070985E /* SelecteTypeViewController.swift */,
			);
			path = Controller;
			sourceTree = "<group>";
		};
		08FE0AEA1FCFAFC7005915A4 /* LiteratureData */ = {
			isa = PBXGroup;
			children = (
				08FE0AED1FCFB05E005915A4 /* Controller */,
				08FE0AEC1FCFB058005915A4 /* Model */,
				08FE0AEB1FCFB04F005915A4 /* View */,
			);
			path = LiteratureData;
			sourceTree = "<group>";
		};
		08FE0AEB1FCFB04F005915A4 /* View */ = {
			isa = PBXGroup;
			children = (
				08FE0AEE1FCFB081005915A4 /* ChartView.swift */,
				08FE0AF31FCFB13E005915A4 /* MoreChartView.swift */,
			);
			path = View;
			sourceTree = "<group>";
		};
		08FE0AEC1FCFB058005915A4 /* Model */ = {
			isa = PBXGroup;
			children = (
				081738061FD437FB00F2C4E1 /* dataSelect.swift */,
				2D41480420A3257F00A72E5D /* ChartDataBase.swift */,
				2D87BA7020A806FD009A8E5E /* LiteratureModel.swift */,
			);
			path = Model;
			sourceTree = "<group>";
		};
		08FE0AED1FCFB05E005915A4 /* Controller */ = {
			isa = PBXGroup;
			children = (
				08F734101FBDA3DE00E0CAE9 /* ChartViewController.swift */,
				08FE0AF11FCFB127005915A4 /* MoreChartViewController.swift */,
				2D87BA6E20A804C2009A8E5E /* LiteratureTableViewController.swift */,
			);
			path = Controller;
			sourceTree = "<group>";
		};
		2D4147FA20A1C76D00A72E5D /* Other */ = {
			isa = PBXGroup;
			children = (
				2D4147FF20A1C9C700A72E5D /* Blank_Tableview */,
			);
			path = Other;
			sourceTree = "<group>";
		};
		2D4147FF20A1C9C700A72E5D /* Blank_Tableview */ = {
			isa = PBXGroup;
			children = (
				2D4147FB20A1C78B00A72E5D /* Tableview+Extension.swift */,
				2D4147FD20A1C7D100A72E5D /* emptyView.swift */,
			);
			path = Blank_Tableview;
			sourceTree = "<group>";
		};
		2D931ACD2089BB8700898169 /* ViewModel */ = {
			isa = PBXGroup;
			children = (
			);
			path = ViewModel;
			sourceTree = "<group>";
		};
		2DA1E8CA2078A54300A6F9B3 /* Login */ = {
			isa = PBXGroup;
			children = (
				2DA1E8CB2078A57800A6F9B3 /* LoginViewController.swift */,
				2DE8172F20A16BFB00EF21C4 /* LoginUIExtension.swift */,
				2DA1E8CC2078A57800A6F9B3 /* LoginViewController.xib */,
			);
			path = Login;
			sourceTree = "<group>";
		};
		2DA1E8CF20791F7500A6F9B3 /* Community */ = {
			isa = PBXGroup;
			children = (
				2D931ACD2089BB8700898169 /* ViewModel */,
				2DA1E8D220791FED00A6F9B3 /* Model */,
				2DA1E8D120791FE500A6F9B3 /* View */,
				2DA1E8D020791FE200A6F9B3 /* Controller */,
			);
			path = Community;
			sourceTree = "<group>";
		};
		2DA1E8D020791FE200A6F9B3 /* Controller */ = {
			isa = PBXGroup;
			children = (
				2DA1E8D32079202200A6F9B3 /* QuestionDetailViewController.swift */,
				2D931AC72089B8AB00898169 /* CommunityTableViewController.swift */,
				2D931AD2208B275700898169 /* CommunityViewController.swift */,
				2DE81729209EE37C00EF21C4 /* AskViewController.swift */,
			);
			path = Controller;
			sourceTree = "<group>";
		};
		2DA1E8D120791FE500A6F9B3 /* View */ = {
			isa = PBXGroup;
			children = (
				2DA1E8D52079205900A6F9B3 /* QuestionView.swift */,
				2DA1E8D72079206E00A6F9B3 /* QuestionView.xib */,
				2DE81727209DA65000EF21C4 /* button_Extension.swift */,
				2DE8172B209EE44C00EF21C4 /* askView.swift */,
				2DE8172D209EE45900EF21C4 /* askView.xib */,
			);
			path = View;
			sourceTree = "<group>";
		};
		2DA1E8D220791FED00A6F9B3 /* Model */ = {
			isa = PBXGroup;
			children = (
				2D931AD0208B1A2E00898169 /* AlaRequestManager.swift */,
			);
			path = Model;
			sourceTree = "<group>";
		};
		C4006E59E4FDB7535BDD8B29 /* Pods */ = {
			isa = PBXGroup;
			children = (
				9485ADD92EAA0169F16F4D1E /* Pods-National_Exbihition.debug.xcconfig */,
				7A2DE5A9B7CF51A3E07F2620 /* Pods-National_Exbihition.release.xcconfig */,
			);
			name = Pods;
			sourceTree = "<group>";
		};
		EF2BFBCC6D8A43D05901FB40 /* Frameworks */ = {
			isa = PBXGroup;
			children = (
				2C9F8079231DA848C6372A5D /* Pods_National_Exbihition.framework */,
			);
			name = Frameworks;
			sourceTree = "<group>";
		};
/* End PBXGroup section */

/* Begin PBXNativeTarget section */
		086EA5A51FB2DE8A00E549F7 /* National_Exbihition */ = {
			isa = PBXNativeTarget;
			buildConfigurationList = 086EA5CE1FB2DE8B00E549F7 /* Build configuration list for PBXNativeTarget "National_Exbihition" */;
			buildPhases = (
				1009B4E07C933A1529D9D7DB /* [CP] Check Pods Manifest.lock */,
				086EA5A21FB2DE8A00E549F7 /* Sources */,
				086EA5A31FB2DE8A00E549F7 /* Frameworks */,
				086EA5A41FB2DE8A00E549F7 /* Resources */,
				11D12287741C9C7CA1370998 /* [CP] Embed Pods Frameworks */,
				CD93B4B77104F6476BED38ED /* [CP] Copy Pods Resources */,
			);
			buildRules = (
			);
			dependencies = (
			);
			name = National_Exbihition;
			productName = National_Exbihition;
			productReference = 086EA5A61FB2DE8A00E549F7 /* National_Exbihition.app */;
			productType = "com.apple.product-type.application";
		};
		086EA5B91FB2DE8A00E549F7 /* National_ExbihitionTests */ = {
			isa = PBXNativeTarget;
			buildConfigurationList = 086EA5D11FB2DE8B00E549F7 /* Build configuration list for PBXNativeTarget "National_ExbihitionTests" */;
			buildPhases = (
				086EA5B61FB2DE8A00E549F7 /* Sources */,
				086EA5B71FB2DE8A00E549F7 /* Frameworks */,
				086EA5B81FB2DE8A00E549F7 /* Resources */,
			);
			buildRules = (
			);
			dependencies = (
				086EA5BC1FB2DE8A00E549F7 /* PBXTargetDependency */,
			);
			name = National_ExbihitionTests;
			productName = National_ExbihitionTests;
			productReference = 086EA5BA1FB2DE8A00E549F7 /* National_ExbihitionTests.xctest */;
			productType = "com.apple.product-type.bundle.unit-test";
		};
		086EA5C41FB2DE8B00E549F7 /* National_ExbihitionUITests */ = {
			isa = PBXNativeTarget;
			buildConfigurationList = 086EA5D41FB2DE8B00E549F7 /* Build configuration list for PBXNativeTarget "National_ExbihitionUITests" */;
			buildPhases = (
				086EA5C11FB2DE8B00E549F7 /* Sources */,
				086EA5C21FB2DE8B00E549F7 /* Frameworks */,
				086EA5C31FB2DE8B00E549F7 /* Resources */,
			);
			buildRules = (
			);
			dependencies = (
				086EA5C71FB2DE8B00E549F7 /* PBXTargetDependency */,
			);
			name = National_ExbihitionUITests;
			productName = National_ExbihitionUITests;
			productReference = 086EA5C51FB2DE8B00E549F7 /* National_ExbihitionUITests.xctest */;
			productType = "com.apple.product-type.bundle.ui-testing";
		};
/* End PBXNativeTarget section */

/* Begin PBXProject section */
		086EA59E1FB2DE8A00E549F7 /* Project object */ = {
			isa = PBXProject;
			attributes = {
				LastSwiftUpdateCheck = 0900;
				LastUpgradeCheck = 0900;
				ORGANIZATIONNAME = shikeTeam;
				TargetAttributes = {
					086EA5A51FB2DE8A00E549F7 = {
						CreatedOnToolsVersion = 9.0;
						LastSwiftMigration = 0900;
						ProvisioningStyle = Automatic;
					};
					086EA5B91FB2DE8A00E549F7 = {
						CreatedOnToolsVersion = 9.0;
						ProvisioningStyle = Automatic;
						TestTargetID = 086EA5A51FB2DE8A00E549F7;
					};
					086EA5C41FB2DE8B00E549F7 = {
						CreatedOnToolsVersion = 9.0;
						ProvisioningStyle = Automatic;
						TestTargetID = 086EA5A51FB2DE8A00E549F7;
					};
				};
			};
			buildConfigurationList = 086EA5A11FB2DE8A00E549F7 /* Build configuration list for PBXProject "National_Exbihition" */;
			compatibilityVersion = "Xcode 8.0";
			developmentRegion = en;
			hasScannedForEncodings = 0;
			knownRegions = (
				en,
				Base,
			);
			mainGroup = 086EA59D1FB2DE8A00E549F7;
			productRefGroup = 086EA5A71FB2DE8A00E549F7 /* Products */;
			projectDirPath = "";
			projectRoot = "";
			targets = (
				086EA5A51FB2DE8A00E549F7 /* National_Exbihition */,
				086EA5B91FB2DE8A00E549F7 /* National_ExbihitionTests */,
				086EA5C41FB2DE8B00E549F7 /* National_ExbihitionUITests */,
			);
		};
/* End PBXProject section */

/* Begin PBXResourcesBuildPhase section */
		086EA5A41FB2DE8A00E549F7 /* Resources */ = {
			isa = PBXResourcesBuildPhase;
			buildActionMask = 2147483647;
			files = (
				2DA1E8D82079206E00A6F9B3 /* QuestionView.xib in Resources */,
				2DE8172E209EE45900EF21C4 /* askView.xib in Resources */,
				086EA5B41FB2DE8A00E549F7 /* LaunchScreen.storyboard in Resources */,
				086EA5B11FB2DE8A00E549F7 /* Assets.xcassets in Resources */,
				2DA1E8CE2078A57800A6F9B3 /* LoginViewController.xib in Resources */,
			);
			runOnlyForDeploymentPostprocessing = 0;
		};
		086EA5B81FB2DE8A00E549F7 /* Resources */ = {
			isa = PBXResourcesBuildPhase;
			buildActionMask = 2147483647;
			files = (
			);
			runOnlyForDeploymentPostprocessing = 0;
		};
		086EA5C31FB2DE8B00E549F7 /* Resources */ = {
			isa = PBXResourcesBuildPhase;
			buildActionMask = 2147483647;
			files = (
			);
			runOnlyForDeploymentPostprocessing = 0;
		};
/* End PBXResourcesBuildPhase section */

/* Begin PBXShellScriptBuildPhase section */
		1009B4E07C933A1529D9D7DB /* [CP] Check Pods Manifest.lock */ = {
			isa = PBXShellScriptBuildPhase;
			buildActionMask = 2147483647;
			files = (
			);
			inputPaths = (
				"${PODS_PODFILE_DIR_PATH}/Podfile.lock",
				"${PODS_ROOT}/Manifest.lock",
			);
			name = "[CP] Check Pods Manifest.lock";
			outputPaths = (
				"$(DERIVED_FILE_DIR)/Pods-National_Exbihition-checkManifestLockResult.txt",
			);
			runOnlyForDeploymentPostprocessing = 0;
			shellPath = /bin/sh;
			shellScript = "diff \"${PODS_PODFILE_DIR_PATH}/Podfile.lock\" \"${PODS_ROOT}/Manifest.lock\" > /dev/null\nif [ $? != 0 ] ; then\n    # print error to STDERR\n    echo \"error: The sandbox is not in sync with the Podfile.lock. Run 'pod install' or update your CocoaPods installation.\" >&2\n    exit 1\nfi\n# This output is used by Xcode 'outputs' to avoid re-running this script phase.\necho \"SUCCESS\" > \"${SCRIPT_OUTPUT_FILE_0}\"\n";
			showEnvVarsInLog = 0;
		};
		11D12287741C9C7CA1370998 /* [CP] Embed Pods Frameworks */ = {
			isa = PBXShellScriptBuildPhase;
			buildActionMask = 2147483647;
			files = (
			);
			inputPaths = (
				"${SRCROOT}/Pods/Target Support Files/Pods-National_Exbihition/Pods-National_Exbihition-frameworks.sh",
				"${BUILT_PRODUCTS_DIR}/Alamofire/Alamofire.framework",
				"${BUILT_PRODUCTS_DIR}/Charts/Charts.framework",
				"${BUILT_PRODUCTS_DIR}/ChartsRealm/ChartsRealm.framework",
				"${BUILT_PRODUCTS_DIR}/HandyJSON/HandyJSON.framework",
				"${BUILT_PRODUCTS_DIR}/Realm/Realm.framework",
				"${BUILT_PRODUCTS_DIR}/RealmSwift/RealmSwift.framework",
				"${BUILT_PRODUCTS_DIR}/SDWebImage/SDWebImage.framework",
				"${BUILT_PRODUCTS_DIR}/SVProgressHUD/SVProgressHUD.framework",
				"${BUILT_PRODUCTS_DIR}/SnapKit/SnapKit.framework",
				"${BUILT_PRODUCTS_DIR}/StreamingKit/StreamingKit.framework",
				"${BUILT_PRODUCTS_DIR}/SwiftFCXRefresh/SwiftFCXRefresh.framework",
			);
			name = "[CP] Embed Pods Frameworks";
			outputPaths = (
				"${TARGET_BUILD_DIR}/${FRAMEWORKS_FOLDER_PATH}/Alamofire.framework",
				"${TARGET_BUILD_DIR}/${FRAMEWORKS_FOLDER_PATH}/Charts.framework",
				"${TARGET_BUILD_DIR}/${FRAMEWORKS_FOLDER_PATH}/ChartsRealm.framework",
				"${TARGET_BUILD_DIR}/${FRAMEWORKS_FOLDER_PATH}/HandyJSON.framework",
				"${TARGET_BUILD_DIR}/${FRAMEWORKS_FOLDER_PATH}/Realm.framework",
				"${TARGET_BUILD_DIR}/${FRAMEWORKS_FOLDER_PATH}/RealmSwift.framework",
				"${TARGET_BUILD_DIR}/${FRAMEWORKS_FOLDER_PATH}/SDWebImage.framework",
				"${TARGET_BUILD_DIR}/${FRAMEWORKS_FOLDER_PATH}/SVProgressHUD.framework",
				"${TARGET_BUILD_DIR}/${FRAMEWORKS_FOLDER_PATH}/SnapKit.framework",
				"${TARGET_BUILD_DIR}/${FRAMEWORKS_FOLDER_PATH}/StreamingKit.framework",
				"${TARGET_BUILD_DIR}/${FRAMEWORKS_FOLDER_PATH}/SwiftFCXRefresh.framework",
			);
			runOnlyForDeploymentPostprocessing = 0;
			shellPath = /bin/sh;
			shellScript = "\"${SRCROOT}/Pods/Target Support Files/Pods-National_Exbihition/Pods-National_Exbihition-frameworks.sh\"\n";
			showEnvVarsInLog = 0;
		};
		CD93B4B77104F6476BED38ED /* [CP] Copy Pods Resources */ = {
			isa = PBXShellScriptBuildPhase;
			buildActionMask = 2147483647;
			files = (
			);
			inputPaths = (
				"${SRCROOT}/Pods/Target Support Files/Pods-National_Exbihition/Pods-National_Exbihition-resources.sh",
				"${PODS_ROOT}/BaiduMapKit/BaiduMapKit/BaiduMapAPI_Map.framework/Resources/mapapi.bundle",
			);
			name = "[CP] Copy Pods Resources";
			outputPaths = (
				"${TARGET_BUILD_DIR}/${UNLOCALIZED_RESOURCES_FOLDER_PATH}",
			);
			runOnlyForDeploymentPostprocessing = 0;
			shellPath = /bin/sh;
			shellScript = "\"${SRCROOT}/Pods/Target Support Files/Pods-National_Exbihition/Pods-National_Exbihition-resources.sh\"\n";
			showEnvVarsInLog = 0;
		};
/* End PBXShellScriptBuildPhase section */

/* Begin PBXSourcesBuildPhase section */
		086EA5A21FB2DE8A00E549F7 /* Sources */ = {
			isa = PBXSourcesBuildPhase;
			buildActionMask = 2147483647;
			files = (
				2DE8172C209EE44C00EF21C4 /* askView.swift in Sources */,
				08A6D8DB1FB4472900FAC0B0 /* BasicView.swift in Sources */,
				086EA5AA1FB2DE8A00E549F7 /* AppDelegate.swift in Sources */,
				08FE0AF41FCFB13E005915A4 /* MoreChartView.swift in Sources */,
				2D4147FE20A1C7D100A72E5D /* emptyView.swift in Sources */,
				08C79D601FB5C11E00BF7686 /* TabTableViewCell.swift in Sources */,
				08A24A921FE0C8B5001D590E /* PoliticView.swift in Sources */,
				08CC477E1FE0FE29000818C0 /* EconomicView.swift in Sources */,
				2DBBA18220A18FE3005640F2 /* FansModel.swift in Sources */,
				2DBBA18020A18F24005640F2 /* FansTableViewController.swift in Sources */,
				08201E721FB2F1C100563887 /* Propoty.swift in Sources */,
				08DA83991FC5AB460003259C /* SearchHistoryTableViewCell.swift in Sources */,
				08AE6C291FF397800070985E /* SelecteTypeViewController.swift in Sources */,
				08E371161FCD6587005FEE4D /* AllCountryViewController.swift in Sources */,
				08DA83971FC409970003259C /* searchDatabase.swift in Sources */,
				089263921FEF8D5F002EDD63 /* SliderGallery.swift in Sources */,
				08D068701FDA78FA0059608F /* SwiftyJSON.swift in Sources */,
				088CC30A1FECF1B40026D7EE /* PublicFunc.swift in Sources */,
				08A24A941FE0CA1A001D590E /* EnvrionmentViewController.swift in Sources */,
				0896F4C71FE65CAC00658306 /* TechnologyView.swift in Sources */,
				2DE8172A209EE37C00EF21C4 /* AskViewController.swift in Sources */,
				2DE8173220A17DF000EF21C4 /* MyTabViewViewController.swift in Sources */,
				08FE0AEF1FCFB0BD005915A4 /* ChartView.swift in Sources */,
				2D41480120A1D70100A72E5D /* FocusModel.swift in Sources */,
				08A6D8D81FB4466D00FAC0B0 /* BasicInformationViewController.swift in Sources */,
				081738121FD56C1300F2C4E1 /* MineView.swift in Sources */,
				2D87BA6F20A804C2009A8E5E /* LiteratureTableViewController.swift in Sources */,
				08201E701FB2F17200563887 /* IndexView.swift in Sources */,
				2D931AC82089B8AB00898169 /* CommunityTableViewController.swift in Sources */,
				2D87BA7120A806FD009A8E5E /* LiteratureModel.swift in Sources */,
				08DD9B4F1FD68FC1002BC6C4 /* SelectContinentTableViewController.swift in Sources */,
				08F734191FC01E5300E0CAE9 /* SearchViewController.swift in Sources */,
				080C9D391FE36DC70029507F /* AboutUsViewController.swift in Sources */,
				08C79D5E1FB5C0CD00BF7686 /* TabTableViewController.swift in Sources */,
				2DA1E8CD2078A57800A6F9B3 /* LoginViewController.swift in Sources */,
				2D4147FC20A1C78B00A72E5D /* Tableview+Extension.swift in Sources */,
				2DBBA17E20A18F12005640F2 /* FocusTableViewController.swift in Sources */,
				08A24A901FDFAD90001D590E /* EnvironmentView.swift in Sources */,
				2D931AD3208B275700898169 /* CommunityViewController.swift in Sources */,
				2DBBA17C20A18EFF005640F2 /* CollectionTableViewController.swift in Sources */,
				2D931AD1208B1A2F00898169 /* AlaRequestManager.swift in Sources */,
				0896F4CB1FE6622700658306 /* OverseasView.swift in Sources */,
				2DBBA18520A19052005640F2 /* FansTableViewCell.swift in Sources */,
				08FE0AF21FCFB127005915A4 /* MoreChartViewController.swift in Sources */,
				2D41480320A3058700A72E5D /* CollectModel.swift in Sources */,
				08DA83951FC407B80003259C /* SearchView.swift in Sources */,
				0896F4C51FE6507000658306 /* SocietyView.swift in Sources */,
				08201E661FB2DFD100563887 /* IndexViewController.swift in Sources */,
				08A24A961FE0CCA1001D590E /* MapViewController.swift in Sources */,
				2DE8173020A16BFB00EF21C4 /* LoginUIExtension.swift in Sources */,
				2DE81728209DA65000EF21C4 /* button_Extension.swift in Sources */,
				08A6D8D51FB419EE00FAC0B0 /* RecommendViewController.swift in Sources */,
				081738071FD437FB00F2C4E1 /* dataSelect.swift in Sources */,
				0896F4CD1FE6634B00658306 /* InterNationalData.swift in Sources */,
				2D41480520A3257F00A72E5D /* ChartDataBase.swift in Sources */,
				2DA1E8D42079202200A6F9B3 /* QuestionDetailViewController.swift in Sources */,
				08F734111FBDA3DE00E0CAE9 /* ChartViewController.swift in Sources */,
				2DA1E8D62079205900A6F9B3 /* QuestionView.swift in Sources */,
				0896F4C91FE65DE400658306 /* RelationshipView.swift in Sources */,
				088D9CB81FEF9DE500FBFA42 /* ImageDetailViewController.swift in Sources */,
				081738101FD56BEA00F2C4E1 /* MineViewController.swift in Sources */,
			);
			runOnlyForDeploymentPostprocessing = 0;
		};
		086EA5B61FB2DE8A00E549F7 /* Sources */ = {
			isa = PBXSourcesBuildPhase;
			buildActionMask = 2147483647;
			files = (
				086EA5BF1FB2DE8A00E549F7 /* National_ExbihitionTests.swift in Sources */,
			);
			runOnlyForDeploymentPostprocessing = 0;
		};
		086EA5C11FB2DE8B00E549F7 /* Sources */ = {
			isa = PBXSourcesBuildPhase;
			buildActionMask = 2147483647;
			files = (
				086EA5CA1FB2DE8B00E549F7 /* National_ExbihitionUITests.swift in Sources */,
			);
			runOnlyForDeploymentPostprocessing = 0;
		};
/* End PBXSourcesBuildPhase section */

/* Begin PBXTargetDependency section */
		086EA5BC1FB2DE8A00E549F7 /* PBXTargetDependency */ = {
			isa = PBXTargetDependency;
			target = 086EA5A51FB2DE8A00E549F7 /* National_Exbihition */;
			targetProxy = 086EA5BB1FB2DE8A00E549F7 /* PBXContainerItemProxy */;
		};
		086EA5C71FB2DE8B00E549F7 /* PBXTargetDependency */ = {
			isa = PBXTargetDependency;
			target = 086EA5A51FB2DE8A00E549F7 /* National_Exbihition */;
			targetProxy = 086EA5C61FB2DE8B00E549F7 /* PBXContainerItemProxy */;
		};
/* End PBXTargetDependency section */

/* Begin PBXVariantGroup section */
		086EA5B21FB2DE8A00E549F7 /* LaunchScreen.storyboard */ = {
			isa = PBXVariantGroup;
			children = (
				086EA5B31FB2DE8A00E549F7 /* Base */,
			);
			name = LaunchScreen.storyboard;
			sourceTree = "<group>";
		};
/* End PBXVariantGroup section */

/* Begin XCBuildConfiguration section */
		086EA5CC1FB2DE8B00E549F7 /* Debug */ = {
			isa = XCBuildConfiguration;
			buildSettings = {
				ALWAYS_SEARCH_USER_PATHS = NO;
				CLANG_ANALYZER_NONNULL = YES;
				CLANG_ANALYZER_NUMBER_OBJECT_CONVERSION = YES_AGGRESSIVE;
				CLANG_CXX_LANGUAGE_STANDARD = "gnu++14";
				CLANG_CXX_LIBRARY = "libc++";
				CLANG_ENABLE_MODULES = YES;
				CLANG_ENABLE_OBJC_ARC = YES;
				CLANG_WARN_BLOCK_CAPTURE_AUTORELEASING = YES;
				CLANG_WARN_BOOL_CONVERSION = YES;
				CLANG_WARN_COMMA = YES;
				CLANG_WARN_CONSTANT_CONVERSION = YES;
				CLANG_WARN_DIRECT_OBJC_ISA_USAGE = YES_ERROR;
				CLANG_WARN_DOCUMENTATION_COMMENTS = YES;
				CLANG_WARN_EMPTY_BODY = YES;
				CLANG_WARN_ENUM_CONVERSION = YES;
				CLANG_WARN_INFINITE_RECURSION = YES;
				CLANG_WARN_INT_CONVERSION = YES;
				CLANG_WARN_NON_LITERAL_NULL_CONVERSION = YES;
				CLANG_WARN_OBJC_LITERAL_CONVERSION = YES;
				CLANG_WARN_OBJC_ROOT_CLASS = YES_ERROR;
				CLANG_WARN_RANGE_LOOP_ANALYSIS = YES;
				CLANG_WARN_STRICT_PROTOTYPES = YES;
				CLANG_WARN_SUSPICIOUS_MOVE = YES;
				CLANG_WARN_UNGUARDED_AVAILABILITY = YES_AGGRESSIVE;
				CLANG_WARN_UNREACHABLE_CODE = YES;
				CLANG_WARN__DUPLICATE_METHOD_MATCH = YES;
				CODE_SIGN_IDENTITY = "iPhone Developer";
				COPY_PHASE_STRIP = NO;
				DEBUG_INFORMATION_FORMAT = dwarf;
				ENABLE_STRICT_OBJC_MSGSEND = YES;
				ENABLE_TESTABILITY = YES;
				GCC_C_LANGUAGE_STANDARD = gnu11;
				GCC_DYNAMIC_NO_PIC = NO;
				GCC_NO_COMMON_BLOCKS = YES;
				GCC_OPTIMIZATION_LEVEL = 0;
				GCC_PREPROCESSOR_DEFINITIONS = (
					"DEBUG=1",
					"$(inherited)",
				);
				GCC_WARN_64_TO_32_BIT_CONVERSION = YES;
				GCC_WARN_ABOUT_RETURN_TYPE = YES_ERROR;
				GCC_WARN_UNDECLARED_SELECTOR = YES;
				GCC_WARN_UNINITIALIZED_AUTOS = YES_AGGRESSIVE;
				GCC_WARN_UNUSED_FUNCTION = YES;
				GCC_WARN_UNUSED_VARIABLE = YES;
				IPHONEOS_DEPLOYMENT_TARGET = 11.0;
				MTL_ENABLE_DEBUG_INFO = YES;
				ONLY_ACTIVE_ARCH = YES;
				SDKROOT = iphoneos;
				SWIFT_ACTIVE_COMPILATION_CONDITIONS = DEBUG;
				SWIFT_OPTIMIZATION_LEVEL = "-Onone";
			};
			name = Debug;
		};
		086EA5CD1FB2DE8B00E549F7 /* Release */ = {
			isa = XCBuildConfiguration;
			buildSettings = {
				ALWAYS_SEARCH_USER_PATHS = NO;
				CLANG_ANALYZER_NONNULL = YES;
				CLANG_ANALYZER_NUMBER_OBJECT_CONVERSION = YES_AGGRESSIVE;
				CLANG_CXX_LANGUAGE_STANDARD = "gnu++14";
				CLANG_CXX_LIBRARY = "libc++";
				CLANG_ENABLE_MODULES = YES;
				CLANG_ENABLE_OBJC_ARC = YES;
				CLANG_WARN_BLOCK_CAPTURE_AUTORELEASING = YES;
				CLANG_WARN_BOOL_CONVERSION = YES;
				CLANG_WARN_COMMA = YES;
				CLANG_WARN_CONSTANT_CONVERSION = YES;
				CLANG_WARN_DIRECT_OBJC_ISA_USAGE = YES_ERROR;
				CLANG_WARN_DOCUMENTATION_COMMENTS = YES;
				CLANG_WARN_EMPTY_BODY = YES;
				CLANG_WARN_ENUM_CONVERSION = YES;
				CLANG_WARN_INFINITE_RECURSION = YES;
				CLANG_WARN_INT_CONVERSION = YES;
				CLANG_WARN_NON_LITERAL_NULL_CONVERSION = YES;
				CLANG_WARN_OBJC_LITERAL_CONVERSION = YES;
				CLANG_WARN_OBJC_ROOT_CLASS = YES_ERROR;
				CLANG_WARN_RANGE_LOOP_ANALYSIS = YES;
				CLANG_WARN_STRICT_PROTOTYPES = YES;
				CLANG_WARN_SUSPICIOUS_MOVE = YES;
				CLANG_WARN_UNGUARDED_AVAILABILITY = YES_AGGRESSIVE;
				CLANG_WARN_UNREACHABLE_CODE = YES;
				CLANG_WARN__DUPLICATE_METHOD_MATCH = YES;
				CODE_SIGN_IDENTITY = "iPhone Developer";
				COPY_PHASE_STRIP = NO;
				DEBUG_INFORMATION_FORMAT = "dwarf-with-dsym";
				ENABLE_NS_ASSERTIONS = NO;
				ENABLE_STRICT_OBJC_MSGSEND = YES;
				GCC_C_LANGUAGE_STANDARD = gnu11;
				GCC_NO_COMMON_BLOCKS = YES;
				GCC_WARN_64_TO_32_BIT_CONVERSION = YES;
				GCC_WARN_ABOUT_RETURN_TYPE = YES_ERROR;
				GCC_WARN_UNDECLARED_SELECTOR = YES;
				GCC_WARN_UNINITIALIZED_AUTOS = YES_AGGRESSIVE;
				GCC_WARN_UNUSED_FUNCTION = YES;
				GCC_WARN_UNUSED_VARIABLE = YES;
				IPHONEOS_DEPLOYMENT_TARGET = 11.0;
				MTL_ENABLE_DEBUG_INFO = NO;
				SDKROOT = iphoneos;
				SWIFT_OPTIMIZATION_LEVEL = "-Owholemodule";
				VALIDATE_PRODUCT = YES;
			};
			name = Release;
		};
		086EA5CF1FB2DE8B00E549F7 /* Debug */ = {
			isa = XCBuildConfiguration;
			baseConfigurationReference = 9485ADD92EAA0169F16F4D1E /* Pods-National_Exbihition.debug.xcconfig */;
			buildSettings = {
				ASSETCATALOG_COMPILER_APPICON_NAME = AppIcon;
				CLANG_ENABLE_MODULES = YES;
				CODE_SIGN_STYLE = Automatic;
				DEVELOPMENT_TEAM = 9A68XXWLG6;
				ENABLE_BITCODE = NO;
				INFOPLIST_FILE = National_Exbihition/Info.plist;
				LD_RUNPATH_SEARCH_PATHS = "$(inherited) @executable_path/Frameworks";
				MACH_O_TYPE = mh_execute;
				OTHER_CFLAGS = (
					"$(inherited)",
					"-iquote",
					"\"$PODS_CONFIGURATION_BUILD_DIR/Alamofire/Alamofire.framework/Headers\"",
					"-iquote",
					"\"$PODS_CONFIGURATION_BUILD_DIR/Charts/Charts.framework/Headers\"",
					"-iquote",
					"\"$PODS_CONFIGURATION_BUILD_DIR/ChartsRealm/ChartsRealm.framework/Headers\"",
					"-iquote",
					"\"$PODS_CONFIGURATION_BUILD_DIR/Realm/Realm.framework/Headers\"",
					"-iquote",
					"\"$PODS_CONFIGURATION_BUILD_DIR/RealmSwift/RealmSwift.framework/Headers\"",
					"-iquote",
					"\"$PODS_CONFIGURATION_BUILD_DIR/SDWebImage/SDWebImage.framework/Headers\"",
					"-iquote",
					"\"$PODS_CONFIGURATION_BUILD_DIR/SVProgressHUD/SVProgressHUD.framework/Headers\"",
					"-iquote",
					"\"$PODS_CONFIGURATION_BUILD_DIR/SnapKit/SnapKit.framework/Headers\"",
					"-iquote",
					"\"$PODS_CONFIGURATION_BUILD_DIR/StreamingKit/StreamingKit.framework/Headers\"",
					"-iquote",
					"\"$PODS_CONFIGURATION_BUILD_DIR/SwiftFCXRefresh/SwiftFCXRefresh.framework/Headers\"",
					"-isystem",
					"\"${PODS_ROOT}/Headers/Public\"",
					"-isystem",
					"\"${PODS_ROOT}/Headers/Public/BaiduMapKit\"",
					"-fembed-bitcode",
				);
				OTHER_CPLUSPLUSFLAGS = (
					"$(OTHER_CFLAGS)",
					"-fembed-bitcode",
				);
				PRODUCT_BUNDLE_IDENTIFIER = com.liuyong.nationExhibition;
				PRODUCT_NAME = "$(TARGET_NAME)";
				SWIFT_OBJC_BRIDGING_HEADER = "National_Exbihition/National_Exbihition-Bridging-Header.h";
				SWIFT_OPTIMIZATION_LEVEL = "-Onone";
				SWIFT_VERSION = 4.0;
				TARGETED_DEVICE_FAMILY = "1,2";
			};
			name = Debug;
		};
		086EA5D01FB2DE8B00E549F7 /* Release */ = {
			isa = XCBuildConfiguration;
			baseConfigurationReference = 7A2DE5A9B7CF51A3E07F2620 /* Pods-National_Exbihition.release.xcconfig */;
			buildSettings = {
				ASSETCATALOG_COMPILER_APPICON_NAME = AppIcon;
				CLANG_ENABLE_MODULES = YES;
				CODE_SIGN_STYLE = Automatic;
				DEVELOPMENT_TEAM = 9A68XXWLG6;
				ENABLE_BITCODE = NO;
				INFOPLIST_FILE = National_Exbihition/Info.plist;
				LD_RUNPATH_SEARCH_PATHS = "$(inherited) @executable_path/Frameworks";
				MACH_O_TYPE = mh_execute;
				OTHER_CFLAGS = (
					"$(inherited)",
					"-iquote",
					"\"$PODS_CONFIGURATION_BUILD_DIR/Alamofire/Alamofire.framework/Headers\"",
					"-iquote",
					"\"$PODS_CONFIGURATION_BUILD_DIR/Charts/Charts.framework/Headers\"",
					"-iquote",
					"\"$PODS_CONFIGURATION_BUILD_DIR/ChartsRealm/ChartsRealm.framework/Headers\"",
					"-iquote",
					"\"$PODS_CONFIGURATION_BUILD_DIR/Realm/Realm.framework/Headers\"",
					"-iquote",
					"\"$PODS_CONFIGURATION_BUILD_DIR/RealmSwift/RealmSwift.framework/Headers\"",
					"-iquote",
					"\"$PODS_CONFIGURATION_BUILD_DIR/SDWebImage/SDWebImage.framework/Headers\"",
					"-iquote",
					"\"$PODS_CONFIGURATION_BUILD_DIR/SVProgressHUD/SVProgressHUD.framework/Headers\"",
					"-iquote",
					"\"$PODS_CONFIGURATION_BUILD_DIR/SnapKit/SnapKit.framework/Headers\"",
					"-iquote",
					"\"$PODS_CONFIGURATION_BUILD_DIR/StreamingKit/StreamingKit.framework/Headers\"",
					"-iquote",
					"\"$PODS_CONFIGURATION_BUILD_DIR/SwiftFCXRefresh/SwiftFCXRefresh.framework/Headers\"",
					"-isystem",
					"\"${PODS_ROOT}/Headers/Public\"",
					"-isystem",
					"\"${PODS_ROOT}/Headers/Public/BaiduMapKit\"",
					"-fembed-bitcode",
				);
				OTHER_CPLUSPLUSFLAGS = (
					"$(OTHER_CFLAGS)",
					"-fembed-bitcode",
				);
				PRODUCT_BUNDLE_IDENTIFIER = com.liuyong.nationExhibition;
				PRODUCT_NAME = "$(TARGET_NAME)";
				SWIFT_OBJC_BRIDGING_HEADER = "National_Exbihition/National_Exbihition-Bridging-Header.h";
				SWIFT_VERSION = 4.0;
				TARGETED_DEVICE_FAMILY = "1,2";
			};
			name = Release;
		};
		086EA5D21FB2DE8B00E549F7 /* Debug */ = {
			isa = XCBuildConfiguration;
			buildSettings = {
				ALWAYS_EMBED_SWIFT_STANDARD_LIBRARIES = YES;
				BUNDLE_LOADER = "$(TEST_HOST)";
				CODE_SIGN_STYLE = Automatic;
				DEVELOPMENT_TEAM = 9A68XXWLG6;
				INFOPLIST_FILE = National_ExbihitionTests/Info.plist;
				LD_RUNPATH_SEARCH_PATHS = "$(inherited) @executable_path/Frameworks @loader_path/Frameworks";
				PRODUCT_BUNDLE_IDENTIFIER = "-.National-ExbihitionTests";
				PRODUCT_NAME = "$(TARGET_NAME)";
				SWIFT_VERSION = 4.0;
				TARGETED_DEVICE_FAMILY = "1,2";
				TEST_HOST = "$(BUILT_PRODUCTS_DIR)/National_Exbihition.app/National_Exbihition";
			};
			name = Debug;
		};
		086EA5D31FB2DE8B00E549F7 /* Release */ = {
			isa = XCBuildConfiguration;
			buildSettings = {
				ALWAYS_EMBED_SWIFT_STANDARD_LIBRARIES = YES;
				BUNDLE_LOADER = "$(TEST_HOST)";
				CODE_SIGN_STYLE = Automatic;
				DEVELOPMENT_TEAM = 9A68XXWLG6;
				INFOPLIST_FILE = National_ExbihitionTests/Info.plist;
				LD_RUNPATH_SEARCH_PATHS = "$(inherited) @executable_path/Frameworks @loader_path/Frameworks";
				PRODUCT_BUNDLE_IDENTIFIER = "-.National-ExbihitionTests";
				PRODUCT_NAME = "$(TARGET_NAME)";
				SWIFT_VERSION = 4.0;
				TARGETED_DEVICE_FAMILY = "1,2";
				TEST_HOST = "$(BUILT_PRODUCTS_DIR)/National_Exbihition.app/National_Exbihition";
			};
			name = Release;
		};
		086EA5D51FB2DE8B00E549F7 /* Debug */ = {
			isa = XCBuildConfiguration;
			buildSettings = {
				ALWAYS_EMBED_SWIFT_STANDARD_LIBRARIES = YES;
				CODE_SIGN_STYLE = Automatic;
				DEVELOPMENT_TEAM = 9A68XXWLG6;
				INFOPLIST_FILE = National_ExbihitionUITests/Info.plist;
				LD_RUNPATH_SEARCH_PATHS = "$(inherited) @executable_path/Frameworks @loader_path/Frameworks";
				PRODUCT_BUNDLE_IDENTIFIER = "-.National-ExbihitionUITests";
				PRODUCT_NAME = "$(TARGET_NAME)";
				SWIFT_VERSION = 4.0;
				TARGETED_DEVICE_FAMILY = "1,2";
				TEST_TARGET_NAME = National_Exbihition;
			};
			name = Debug;
		};
		086EA5D61FB2DE8B00E549F7 /* Release */ = {
			isa = XCBuildConfiguration;
			buildSettings = {
				ALWAYS_EMBED_SWIFT_STANDARD_LIBRARIES = YES;
				CODE_SIGN_STYLE = Automatic;
				DEVELOPMENT_TEAM = 9A68XXWLG6;
				INFOPLIST_FILE = National_ExbihitionUITests/Info.plist;
				LD_RUNPATH_SEARCH_PATHS = "$(inherited) @executable_path/Frameworks @loader_path/Frameworks";
				PRODUCT_BUNDLE_IDENTIFIER = "-.National-ExbihitionUITests";
				PRODUCT_NAME = "$(TARGET_NAME)";
				SWIFT_VERSION = 4.0;
				TARGETED_DEVICE_FAMILY = "1,2";
				TEST_TARGET_NAME = National_Exbihition;
			};
			name = Release;
		};
/* End XCBuildConfiguration section */

/* Begin XCConfigurationList section */
		086EA5A11FB2DE8A00E549F7 /* Build configuration list for PBXProject "National_Exbihition" */ = {
			isa = XCConfigurationList;
			buildConfigurations = (
				086EA5CC1FB2DE8B00E549F7 /* Debug */,
				086EA5CD1FB2DE8B00E549F7 /* Release */,
			);
			defaultConfigurationIsVisible = 0;
			defaultConfigurationName = Release;
		};
		086EA5CE1FB2DE8B00E549F7 /* Build configuration list for PBXNativeTarget "National_Exbihition" */ = {
			isa = XCConfigurationList;
			buildConfigurations = (
				086EA5CF1FB2DE8B00E549F7 /* Debug */,
				086EA5D01FB2DE8B00E549F7 /* Release */,
			);
			defaultConfigurationIsVisible = 0;
			defaultConfigurationName = Release;
		};
		086EA5D11FB2DE8B00E549F7 /* Build configuration list for PBXNativeTarget "National_ExbihitionTests" */ = {
			isa = XCConfigurationList;
			buildConfigurations = (
				086EA5D21FB2DE8B00E549F7 /* Debug */,
				086EA5D31FB2DE8B00E549F7 /* Release */,
			);
			defaultConfigurationIsVisible = 0;
			defaultConfigurationName = Release;
		};
		086EA5D41FB2DE8B00E549F7 /* Build configuration list for PBXNativeTarget "National_ExbihitionUITests" */ = {
			isa = XCConfigurationList;
			buildConfigurations = (
				086EA5D51FB2DE8B00E549F7 /* Debug */,
				086EA5D61FB2DE8B00E549F7 /* Release */,
			);
			defaultConfigurationIsVisible = 0;
			defaultConfigurationName = Release;
		};
/* End XCConfigurationList section */
	};
	rootObject = 086EA59E1FB2DE8A00E549F7 /* Project object */;
}
